// !$*UTF8*$!
{
	archiveVersion = 1;
	classes = {
	};
	objectVersion = 50;
	objects = {

/* Begin PBXBuildFile section */
		D30B88FE22BF6B52001C2895 /* AppDelegate.swift in Sources */ = {isa = PBXBuildFile; fileRef = D30B88FD22BF6B52001C2895 /* AppDelegate.swift */; };
		D30B890022BF6B52001C2895 /* ViewController.swift in Sources */ = {isa = PBXBuildFile; fileRef = D30B88FF22BF6B52001C2895 /* ViewController.swift */; };
		D30B890322BF6B52001C2895 /* Main.storyboard in Resources */ = {isa = PBXBuildFile; fileRef = D30B890122BF6B52001C2895 /* Main.storyboard */; };
		D30B890522BF6B53001C2895 /* Assets.xcassets in Resources */ = {isa = PBXBuildFile; fileRef = D30B890422BF6B53001C2895 /* Assets.xcassets */; };
		D30B890822BF6B53001C2895 /* LaunchScreen.storyboard in Resources */ = {isa = PBXBuildFile; fileRef = D30B890622BF6B53001C2895 /* LaunchScreen.storyboard */; };
		D30B891322BF6B54001C2895 /* SuratOyunTests.swift in Sources */ = {isa = PBXBuildFile; fileRef = D30B891222BF6B54001C2895 /* SuratOyunTests.swift */; };
		D30B891E22BF6B54001C2895 /* SuratOyunUITests.swift in Sources */ = {isa = PBXBuildFile; fileRef = D30B891D22BF6B54001C2895 /* SuratOyunUITests.swift */; };
		D3FCAC9B22BF722A00B3ABEF /* surat.jpg in Resources */ = {isa = PBXBuildFile; fileRef = D3FCAC9A22BF722900B3ABEF /* surat.jpg */; };
/* End PBXBuildFile section */

/* Begin PBXContainerItemProxy section */
		D30B890F22BF6B54001C2895 /* PBXContainerItemProxy */ = {
			isa = PBXContainerItemProxy;
			containerPortal = D30B88F222BF6B51001C2895 /* Project object */;
			proxyType = 1;
			remoteGlobalIDString = D30B88F922BF6B52001C2895;
			remoteInfo = SuratOyun;
		};
		D30B891A22BF6B54001C2895 /* PBXContainerItemProxy */ = {
			isa = PBXContainerItemProxy;
			containerPortal = D30B88F222BF6B51001C2895 /* Project object */;
			proxyType = 1;
			remoteGlobalIDString = D30B88F922BF6B52001C2895;
			remoteInfo = SuratOyun;
		};
/* End PBXContainerItemProxy section */

/* Begin PBXFileReference section */
		D30B88FA22BF6B52001C2895 /* SuratOyun.app */ = {isa = PBXFileReference; explicitFileType = wrapper.application; includeInIndex = 0; path = SuratOyun.app; sourceTree = BUILT_PRODUCTS_DIR; };
		D30B88FD22BF6B52001C2895 /* AppDelegate.swift */ = {isa = PBXFileReference; lastKnownFileType = sourcecode.swift; path = AppDelegate.swift; sourceTree = "<group>"; };
		D30B88FF22BF6B52001C2895 /* ViewController.swift */ = {isa = PBXFileReference; lastKnownFileType = sourcecode.swift; path = ViewController.swift; sourceTree = "<group>"; };
		D30B890222BF6B52001C2895 /* Base */ = {isa = PBXFileReference; lastKnownFileType = file.storyboard; name = Base; path = Base.lproj/Main.storyboard; sourceTree = "<group>"; };
		D30B890422BF6B53001C2895 /* Assets.xcassets */ = {isa = PBXFileReference; lastKnownFileType = folder.assetcatalog; path = Assets.xcassets; sourceTree = "<group>"; };
		D30B890722BF6B53001C2895 /* Base */ = {isa = PBXFileReference; lastKnownFileType = file.storyboard; name = Base; path = Base.lproj/LaunchScreen.storyboard; sourceTree = "<group>"; };
		D30B890922BF6B53001C2895 /* Info.plist */ = {isa = PBXFileReference; lastKnownFileType = text.plist.xml; path = Info.plist; sourceTree = "<group>"; };
		D30B890E22BF6B54001C2895 /* SuratOyunTests.xctest */ = {isa = PBXFileReference; explicitFileType = wrapper.cfbundle; includeInIndex = 0; path = SuratOyunTests.xctest; sourceTree = BUILT_PRODUCTS_DIR; };
		D30B891222BF6B54001C2895 /* SuratOyunTests.swift */ = {isa = PBXFileReference; lastKnownFileType = sourcecode.swift; path = SuratOyunTests.swift; sourceTree = "<group>"; };
		D30B891422BF6B54001C2895 /* Info.plist */ = {isa = PBXFileReference; lastKnownFileType = text.plist.xml; path = Info.plist; sourceTree = "<group>"; };
		D30B891922BF6B54001C2895 /* SuratOyunUITests.xctest */ = {isa = PBXFileReference; explicitFileType = wrapper.cfbundle; includeInIndex = 0; path = SuratOyunUITests.xctest; sourceTree = BUILT_PRODUCTS_DIR; };
		D30B891D22BF6B54001C2895 /* SuratOyunUITests.swift */ = {isa = PBXFileReference; lastKnownFileType = sourcecode.swift; path = SuratOyunUITests.swift; sourceTree = "<group>"; };
		D30B891F22BF6B54001C2895 /* Info.plist */ = {isa = PBXFileReference; lastKnownFileType = text.plist.xml; path = Info.plist; sourceTree = "<group>"; };
		D3FCAC9A22BF722900B3ABEF /* surat.jpg */ = {isa = PBXFileReference; lastKnownFileType = image.jpeg; path = surat.jpg; sourceTree = "<group>"; };
/* End PBXFileReference section */

/* Begin PBXFrameworksBuildPhase section */
		D30B88F722BF6B52001C2895 /* Frameworks */ = {
			isa = PBXFrameworksBuildPhase;
			buildActionMask = 2147483647;
			files = (
			);
			runOnlyForDeploymentPostprocessing = 0;
		};
		D30B890B22BF6B54001C2895 /* Frameworks */ = {
			isa = PBXFrameworksBuildPhase;
			buildActionMask = 2147483647;
			files = (
			);
			runOnlyForDeploymentPostprocessing = 0;
		};
		D30B891622BF6B54001C2895 /* Frameworks */ = {
			isa = PBXFrameworksBuildPhase;
			buildActionMask = 2147483647;
			files = (
			);
			runOnlyForDeploymentPostprocessing = 0;
		};
/* End PBXFrameworksBuildPhase section */

/* Begin PBXGroup section */
		D30B88F122BF6B51001C2895 = {
			isa = PBXGroup;
			children = (
				D30B88FC22BF6B52001C2895 /* SuratOyun */,
				D30B891122BF6B54001C2895 /* SuratOyunTests */,
				D30B891C22BF6B54001C2895 /* SuratOyunUITests */,
				D30B88FB22BF6B52001C2895 /* Products */,
			);
			sourceTree = "<group>";
		};
		D30B88FB22BF6B52001C2895 /* Products */ = {
			isa = PBXGroup;
			children = (
				D30B88FA22BF6B52001C2895 /* SuratOyun.app */,
				D30B890E22BF6B54001C2895 /* SuratOyunTests.xctest */,
				D30B891922BF6B54001C2895 /* SuratOyunUITests.xctest */,
			);
			name = Products;
			sourceTree = "<group>";
		};
		D30B88FC22BF6B52001C2895 /* SuratOyun */ = {
			isa = PBXGroup;
			children = (
				D3FCAC9A22BF722900B3ABEF /* surat.jpg */,
				D30B88FD22BF6B52001C2895 /* AppDelegate.swift */,
				D30B88FF22BF6B52001C2895 /* ViewController.swift */,
				D30B890122BF6B52001C2895 /* Main.storyboard */,
				D30B890422BF6B53001C2895 /* Assets.xcassets */,
				D30B890622BF6B53001C2895 /* LaunchScreen.storyboard */,
				D30B890922BF6B53001C2895 /* Info.plist */,
			);
			path = SuratOyun;
			sourceTree = "<group>";
		};
		D30B891122BF6B54001C2895 /* SuratOyunTests */ = {
			isa = PBXGroup;
			children = (
				D30B891222BF6B54001C2895 /* SuratOyunTests.swift */,
				D30B891422BF6B54001C2895 /* Info.plist */,
			);
			path = SuratOyunTests;
			sourceTree = "<group>";
		};
		D30B891C22BF6B54001C2895 /* SuratOyunUITests */ = {
			isa = PBXGroup;
			children = (
				D30B891D22BF6B54001C2895 /* SuratOyunUITests.swift */,
				D30B891F22BF6B54001C2895 /* Info.plist */,
			);
			path = SuratOyunUITests;
			sourceTree = "<group>";
		};
/* End PBXGroup section */

/* Begin PBXNativeTarget section */
		D30B88F922BF6B52001C2895 /* SuratOyun */ = {
			isa = PBXNativeTarget;
			buildConfigurationList = D30B892222BF6B54001C2895 /* Build configuration list for PBXNativeTarget "SuratOyun" */;
			buildPhases = (
				D30B88F622BF6B52001C2895 /* Sources */,
				D30B88F722BF6B52001C2895 /* Frameworks */,
				D30B88F822BF6B52001C2895 /* Resources */,
			);
			buildRules = (
			);
			dependencies = (
			);
			name = SuratOyun;
			productName = SuratOyun;
			productReference = D30B88FA22BF6B52001C2895 /* SuratOyun.app */;
			productType = "com.apple.product-type.application";
		};
		D30B890D22BF6B54001C2895 /* SuratOyunTests */ = {
			isa = PBXNativeTarget;
			buildConfigurationList = D30B892522BF6B54001C2895 /* Build configuration list for PBXNativeTarget "SuratOyunTests" */;
			buildPhases = (
				D30B890A22BF6B54001C2895 /* Sources */,
				D30B890B22BF6B54001C2895 /* Frameworks */,
				D30B890C22BF6B54001C2895 /* Resources */,
			);
			buildRules = (
			);
			dependencies = (
				D30B891022BF6B54001C2895 /* PBXTargetDependency */,
			);
			name = SuratOyunTests;
			productName = SuratOyunTests;
			productReference = D30B890E22BF6B54001C2895 /* SuratOyunTests.xctest */;
			productType = "com.apple.product-type.bundle.unit-test";
		};
		D30B891822BF6B54001C2895 /* SuratOyunUITests */ = {
			isa = PBXNativeTarget;
			buildConfigurationList = D30B892822BF6B54001C2895 /* Build configuration list for PBXNativeTarget "SuratOyunUITests" */;
			buildPhases = (
				D30B891522BF6B54001C2895 /* Sources */,
				D30B891622BF6B54001C2895 /* Frameworks */,
				D30B891722BF6B54001C2895 /* Resources */,
			);
			buildRules = (
			);
			dependencies = (
				D30B891B22BF6B54001C2895 /* PBXTargetDependency */,
			);
			name = SuratOyunUITests;
			productName = SuratOyunUITests;
			productReference = D30B891922BF6B54001C2895 /* SuratOyunUITests.xctest */;
			productType = "com.apple.product-type.bundle.ui-testing";
		};
/* End PBXNativeTarget section */

/* Begin PBXProject section */
		D30B88F222BF6B51001C2895 /* Project object */ = {
			isa = PBXProject;
			attributes = {
				LastSwiftUpdateCheck = 0940;
				LastUpgradeCheck = 0940;
				ORGANIZATIONNAME = ByG;
				TargetAttributes = {
					D30B88F922BF6B52001C2895 = {
						CreatedOnToolsVersion = 9.4.1;
					};
					D30B890D22BF6B54001C2895 = {
						CreatedOnToolsVersion = 9.4.1;
						TestTargetID = D30B88F922BF6B52001C2895;
					};
					D30B891822BF6B54001C2895 = {
						CreatedOnToolsVersion = 9.4.1;
						TestTargetID = D30B88F922BF6B52001C2895;
					};
				};
			};
			buildConfigurationList = D30B88F522BF6B51001C2895 /* Build configuration list for PBXProject "SuratOyun" */;
			compatibilityVersion = "Xcode 9.3";
			developmentRegion = en;
			hasScannedForEncodings = 0;
			knownRegions = (
				en,
				Base,
			);
			mainGroup = D30B88F122BF6B51001C2895;
			productRefGroup = D30B88FB22BF6B52001C2895 /* Products */;
			projectDirPath = "";
			projectRoot = "";
			targets = (
				D30B88F922BF6B52001C2895 /* SuratOyun */,
				D30B890D22BF6B54001C2895 /* SuratOyunTests */,
				D30B891822BF6B54001C2895 /* SuratOyunUITests */,
			);
		};
/* End PBXProject section */

/* Begin PBXResourcesBuildPhase section */
		D30B88F822BF6B52001C2895 /* Resources */ = {
			isa = PBXResourcesBuildPhase;
			buildActionMask = 2147483647;
			files = (
				D30B890822BF6B53001C2895 /* LaunchScreen.storyboard in Resources */,
				D30B890522BF6B53001C2895 /* Assets.xcassets in Resources */,
				D30B890322BF6B52001C2895 /* Main.storyboard in Resources */,
				D3FCAC9B22BF722A00B3ABEF /* surat.jpg in Resources */,
			);
			runOnlyForDeploymentPostprocessing = 0;
		};
		D30B890C22BF6B54001C2895 /* Resources */ = {
			isa = PBXResourcesBuildPhase;
			buildActionMask = 2147483647;
			files = (
			);
			runOnlyForDeploymentPostprocessing = 0;
		};
		D30B891722BF6B54001C2895 /* Resources */ = {
			isa = PBXResourcesBuildPhase;
			buildActionMask = 2147483647;
			files = (
			);
			runOnlyForDeploymentPostprocessing = 0;
		};
/* End PBXResourcesBuildPhase section */

/* Begin PBXSourcesBuildPhase section */
		D30B88F622BF6B52001C2895 /* Sources */ = {
			isa = PBXSourcesBuildPhase;
			buildActionMask = 2147483647;
			files = (
				D30B890022BF6B52001C2895 /* ViewController.swift in Sources */,
				D30B88FE22BF6B52001C2895 /* AppDelegate.swift in Sources */,
			);
			runOnlyForDeploymentPostprocessing = 0;
		};
		D30B890A22BF6B54001C2895 /* Sources */ = {
			isa = PBXSourcesBuildPhase;
			buildActionMask = 2147483647;
			files = (
				D30B891322BF6B54001C2895 /* SuratOyunTests.swift in Sources */,
			);
			runOnlyForDeploymentPostprocessing = 0;
		};
		D30B891522BF6B54001C2895 /* Sources */ = {
			isa = PBXSourcesBuildPhase;
			buildActionMask = 2147483647;
			files = (
				D30B891E22BF6B54001C2895 /* SuratOyunUITests.swift in Sources */,
			);
			runOnlyForDeploymentPostprocessing = 0;
		};
/* End PBXSourcesBuildPhase section */

/* Begin PBXTargetDependency section */
		D30B891022BF6B54001C2895 /* PBXTargetDependency */ = {
			isa = PBXTargetDependency;
			target = D30B88F922BF6B52001C2895 /* SuratOyun */;
			targetProxy = D30B890F22BF6B54001C2895 /* PBXContainerItemProxy */;
		};
		D30B891B22BF6B54001C2895 /* PBXTargetDependency */ = {
			isa = PBXTargetDependency;
			target = D30B88F922BF6B52001C2895 /* SuratOyun */;
			targetProxy = D30B891A22BF6B54001C2895 /* PBXContainerItemProxy */;
		};
/* End PBXTargetDependency section */

/* Begin PBXVariantGroup section */
		D30B890122BF6B52001C2895 /* Main.storyboard */ = {
			isa = PBXVariantGroup;
			children = (
				D30B890222BF6B52001C2895 /* Base */,
			);
			name = Main.storyboard;
			sourceTree = "<group>";
		};
		D30B890622BF6B53001C2895 /* LaunchScreen.storyboard */ = {
			isa = PBXVariantGroup;
			children = (
				D30B890722BF6B53001C2895 /* Base */,
			);
			name = LaunchScreen.storyboard;
			sourceTree = "<group>";
		};
/* End PBXVariantGroup section */

/* Begin XCBuildConfiguration section */
		D30B892022BF6B54001C2895 /* Debug */ = {
			isa = XCBuildConfiguration;
			buildSettings = {
				ALWAYS_SEARCH_USER_PATHS = NO;
				CLANG_ANALYZER_NONNULL = YES;
				CLANG_ANALYZER_NUMBER_OBJECT_CONVERSION = YES_AGGRESSIVE;
				CLANG_CXX_LANGUAGE_STANDARD = "gnu++14";
				CLANG_CXX_LIBRARY = "libc++";
				CLANG_ENABLE_MODULES = YES;
				CLANG_ENABLE_OBJC_ARC = YES;
				CLANG_ENABLE_OBJC_WEAK = YES;
				CLANG_WARN_BLOCK_CAPTURE_AUTORELEASING = YES;
				CLANG_WARN_BOOL_CONVERSION = YES;
				CLANG_WARN_COMMA = YES;
				CLANG_WARN_CONSTANT_CONVERSION = YES;
				CLANG_WARN_DEPRECATED_OBJC_IMPLEMENTATIONS = YES;
				CLANG_WARN_DIRECT_OBJC_ISA_USAGE = YES_ERROR;
				CLANG_WARN_DOCUMENTATION_COMMENTS = YES;
				CLANG_WARN_EMPTY_BODY = YES;
				CLANG_WARN_ENUM_CONVERSION = YES;
				CLANG_WARN_INFINITE_RECURSION = YES;
				CLANG_WARN_INT_CONVERSION = YES;
				CLANG_WARN_NON_LITERAL_NULL_CONVERSION = YES;
				CLANG_WARN_OBJC_IMPLICIT_RETAIN_SELF = YES;
				CLANG_WARN_OBJC_LITERAL_CONVERSION = YES;
				CLANG_WARN_OBJC_ROOT_CLASS = YES_ERROR;
				CLANG_WARN_RANGE_LOOP_ANALYSIS = YES;
				CLANG_WARN_STRICT_PROTOTYPES = YES;
				CLANG_WARN_SUSPICIOUS_MOVE = YES;
				CLANG_WARN_UNGUARDED_AVAILABILITY = YES_AGGRESSIVE;
				CLANG_WARN_UNREACHABLE_CODE = YES;
				CLANG_WARN__DUPLICATE_METHOD_MATCH = YES;
				CODE_SIGN_IDENTITY = "iPhone Developer";
				COPY_PHASE_STRIP = NO;
				DEBUG_INFORMATION_FORMAT = dwarf;
				ENABLE_STRICT_OBJC_MSGSEND = YES;
				ENABLE_TESTABILITY = YES;
				GCC_C_LANGUAGE_STANDARD = gnu11;
				GCC_DYNAMIC_NO_PIC = NO;
				GCC_NO_COMMON_BLOCKS = YES;
				GCC_OPTIMIZATION_LEVEL = 0;
				GCC_PREPROCESSOR_DEFINITIONS = (
					"DEBUG=1",
					"$(inherited)",
				);
				GCC_WARN_64_TO_32_BIT_CONVERSION = YES;
				GCC_WARN_ABOUT_RETURN_TYPE = YES_ERROR;
				GCC_WARN_UNDECLARED_SELECTOR = YES;
				GCC_WARN_UNINITIALIZED_AUTOS = YES_AGGRESSIVE;
				GCC_WARN_UNUSED_FUNCTION = YES;
				GCC_WARN_UNUSED_VARIABLE = YES;
				IPHONEOS_DEPLOYMENT_TARGET = 11.4;
				MTL_ENABLE_DEBUG_INFO = YES;
				ONLY_ACTIVE_ARCH = YES;
				SDKROOT = iphoneos;
				SWIFT_ACTIVE_COMPILATION_CONDITIONS = DEBUG;
				SWIFT_OPTIMIZATION_LEVEL = "-Onone";
			};
			name = Debug;
		};
		D30B892122BF6B54001C2895 /* Release */ = {
			isa = XCBuildConfiguration;
			buildSettings = {
				ALWAYS_SEARCH_USER_PATHS = NO;
				CLANG_ANALYZER_NONNULL = YES;
				CLANG_ANALYZER_NUMBER_OBJECT_CONVERSION = YES_AGGRESSIVE;
				CLANG_CXX_LANGUAGE_STANDARD = "gnu++14";
				CLANG_CXX_LIBRARY = "libc++";
				CLANG_ENABLE_MODULES = YES;
				CLANG_ENABLE_OBJC_ARC = YES;
				CLANG_ENABLE_OBJC_WEAK = YES;
				CLANG_WARN_BLOCK_CAPTURE_AUTORELEASING = YES;
				CLANG_WARN_BOOL_CONVERSION = YES;
				CLANG_WARN_COMMA = YES;
				CLANG_WARN_CONSTANT_CONVERSION = YES;
				CLANG_WARN_DEPRECATED_OBJC_IMPLEMENTATIONS = YES;
				CLANG_WARN_DIRECT_OBJC_ISA_USAGE = YES_ERROR;
				CLANG_WARN_DOCUMENTATION_COMMENTS = YES;
				CLANG_WARN_EMPTY_BODY = YES;
				CLANG_WARN_ENUM_CONVERSION = YES;
				CLANG_WARN_INFINITE_RECURSION = YES;
				CLANG_WARN_INT_CONVERSION = YES;
				CLANG_WARN_NON_LITERAL_NULL_CONVERSION = YES;
				CLANG_WARN_OBJC_IMPLICIT_RETAIN_SELF = YES;
				CLANG_WARN_OBJC_LITERAL_CONVERSION = YES;
				CLANG_WARN_OBJC_ROOT_CLASS = YES_ERROR;
				CLANG_WARN_RANGE_LOOP_ANALYSIS = YES;
				CLANG_WARN_STRICT_PROTOTYPES = YES;
				CLANG_WARN_SUSPICIOUS_MOVE = YES;
				CLANG_WARN_UNGUARDED_AVAILABILITY = YES_AGGRESSIVE;
				CLANG_WARN_UNREACHABLE_CODE = YES;
				CLANG_WARN__DUPLICATE_METHOD_MATCH = YES;
				CODE_SIGN_IDENTITY = "iPhone Developer";
				COPY_PHASE_STRIP = NO;
				DEBUG_INFORMATION_FORMAT = "dwarf-with-dsym";
				ENABLE_NS_ASSERTIONS = NO;
				ENABLE_STRICT_OBJC_MSGSEND = YES;
				GCC_C_LANGUAGE_STANDARD = gnu11;
				GCC_NO_COMMON_BLOCKS = YES;
				GCC_WARN_64_TO_32_BIT_CONVERSION = YES;
				GCC_WARN_ABOUT_RETURN_TYPE = YES_ERROR;
				GCC_WARN_UNDECLARED_SELECTOR = YES;
				GCC_WARN_UNINITIALIZED_AUTOS = YES_AGGRESSIVE;
				GCC_WARN_UNUSED_FUNCTION = YES;
				GCC_WARN_UNUSED_VARIABLE = YES;
				IPHONEOS_DEPLOYMENT_TARGET = 11.4;
				MTL_ENABLE_DEBUG_INFO = NO;
				SDKROOT = iphoneos;
				SWIFT_COMPILATION_MODE = wholemodule;
				SWIFT_OPTIMIZATION_LEVEL = "-O";
				VALIDATE_PRODUCT = YES;
			};
			name = Release;
		};
		D30B892322BF6B54001C2895 /* Debug */ = {
			isa = XCBuildConfiguration;
			buildSettings = {
				ASSETCATALOG_COMPILER_APPICON_NAME = AppIcon;
				CODE_SIGN_STYLE = Automatic;
				INFOPLIST_FILE = SuratOyun/Info.plist;
				LD_RUNPATH_SEARCH_PATHS = (
					"$(inherited)",
					"@executable_path/Frameworks",
				);
				PRODUCT_BUNDLE_IDENTIFIER = byG.SuratOyun;
				PRODUCT_NAME = "$(TARGET_NAME)";
				SWIFT_VERSION = 4.0;
				TARGETED_DEVICE_FAMILY = "1,2";
			};
			name = Debug;
		};
		D30B892422BF6B54001C2895 /* Release */ = {
			isa = XCBuildConfiguration;
			buildSettings = {
				ASSETCATALOG_COMPILER_APPICON_NAME = AppIcon;
				CODE_SIGN_STYLE = Automatic;
				INFOPLIST_FILE = SuratOyun/Info.plist;
				LD_RUNPATH_SEARCH_PATHS = (
					"$(inherited)",
					"@executable_path/Frameworks",
				);
				PRODUCT_BUNDLE_IDENTIFIER = byG.SuratOyun;
				PRODUCT_NAME = "$(TARGET_NAME)";
				SWIFT_VERSION = 4.0;
				TARGETED_DEVICE_FAMILY = "1,2";
			};
			name = Release;
		};
		D30B892622BF6B54001C2895 /* Debug */ = {
			isa = XCBuildConfiguration;
			buildSettings = {
				ALWAYS_EMBED_SWIFT_STANDARD_LIBRARIES = YES;
				BUNDLE_LOADER = "$(TEST_HOST)";
				CODE_SIGN_STYLE = Automatic;
				INFOPLIST_FILE = SuratOyunTests/Info.plist;
				LD_RUNPATH_SEARCH_PATHS = (
					"$(inherited)",
					"@executable_path/Frameworks",
					"@loader_path/Frameworks",
				);
				PRODUCT_BUNDLE_IDENTIFIER = byG.SuratOyunTests;
				PRODUCT_NAME = "$(TARGET_NAME)";
				SWIFT_VERSION = 4.0;
				TARGETED_DEVICE_FAMILY = "1,2";
				TEST_HOST = "$(BUILT_PRODUCTS_DIR)/SuratOyun.app/SuratOyun";
			};
			name = Debug;
		};
		D30B892722BF6B54001C2895 /* Release */ = {
			isa = XCBuildConfiguration;
			buildSettings = {
				ALWAYS_EMBED_SWIFT_STANDARD_LIBRARIES = YES;
				BUNDLE_LOADER = "$(TEST_HOST)";
				CODE_SIGN_STYLE = Automatic;
				INFOPLIST_FILE = SuratOyunTests/Info.plist;
				LD_RUNPATH_SEARCH_PATHS = (
					"$(inherited)",
					"@executable_path/Frameworks",
					"@loader_path/Frameworks",
				);
				PRODUCT_BUNDLE_IDENTIFIER = byG.SuratOyunTests;
				PRODUCT_NAME = "$(TARGET_NAME)";
				SWIFT_VERSION = 4.0;
				TARGETED_DEVICE_FAMILY = "1,2";
				TEST_HOST = "$(BUILT_PRODUCTS_DIR)/SuratOyun.app/SuratOyun";
			};
			name = Release;
		};
		D30B892922BF6B54001C2895 /* Debug */ = {
			isa = XCBuildConfiguration;
			buildSettings = {
				ALWAYS_EMBED_SWIFT_STANDARD_LIBRARIES = YES;
				CODE_SIGN_STYLE = Automatic;
				INFOPLIST_FILE = SuratOyunUITests/Info.plist;
				LD_RUNPATH_SEARCH_PATHS = (
					"$(inherited)",
					"@executable_path/Frameworks",
					"@loader_path/Frameworks",
				);
				PRODUCT_BUNDLE_IDENTIFIER = byG.SuratOyunUITests;
				PRODUCT_NAME = "$(TARGET_NAME)";
				SWIFT_VERSION = 4.0;
				TARGETED_DEVICE_FAMILY = "1,2";
				TEST_TARGET_NAME = SuratOyun;
			};
			name = Debug;
		};
		D30B892A22BF6B54001C2895 /* Release */ = {
			isa = XCBuildConfiguration;
			buildSettings = {
				ALWAYS_EMBED_SWIFT_STANDARD_LIBRARIES = YES;
				CODE_SIGN_STYLE = Automatic;
				INFOPLIST_FILE = SuratOyunUITests/Info.plist;
				LD_RUNPATH_SEARCH_PATHS = (
					"$(inherited)",
					"@executable_path/Frameworks",
					"@loader_path/Frameworks",
				);
				PRODUCT_BUNDLE_IDENTIFIER = byG.SuratOyunUITests;
				PRODUCT_NAME = "$(TARGET_NAME)";
				SWIFT_VERSION = 4.0;
				TARGETED_DEVICE_FAMILY = "1,2";
				TEST_TARGET_NAME = SuratOyun;
			};
			name = Release;
		};
/* End XCBuildConfiguration section */

/* Begin XCConfigurationList section */
		D30B88F522BF6B51001C2895 /* Build configuration list for PBXProject "SuratOyun" */ = {
			isa = XCConfigurationList;
			buildConfigurations = (
				D30B892022BF6B54001C2895 /* Debug */,
				D30B892122BF6B54001C2895 /* Release */,
			);
			defaultConfigurationIsVisible = 0;
			defaultConfigurationName = Release;
		};
		D30B892222BF6B54001C2895 /* Build configuration list for PBXNativeTarget "SuratOyun" */ = {
			isa = XCConfigurationList;
			buildConfigurations = (
				D30B892322BF6B54001C2895 /* Debug */,
				D30B892422BF6B54001C2895 /* Release */,
			);
			defaultConfigurationIsVisible = 0;
			defaultConfigurationName = Release;
		};
		D30B892522BF6B54001C2895 /* Build configuration list for PBXNativeTarget "SuratOyunTests" */ = {
			isa = XCConfigurationList;
			buildConfigurations = (
				D30B892622BF6B54001C2895 /* Debug */,
				D30B892722BF6B54001C2895 /* Release */,
			);
			defaultConfigurationIsVisible = 0;
			defaultConfigurationName = Release;
		};
		D30B892822BF6B54001C2895 /* Build configuration list for PBXNativeTarget "SuratOyunUITests" */ = {
			isa = XCConfigurationList;
			buildConfigurations = (
				D30B892922BF6B54001C2895 /* Debug */,
				D30B892A22BF6B54001C2895 /* Release */,
			);
			defaultConfigurationIsVisible = 0;
			defaultConfigurationName = Release;
		};
/* End XCConfigurationList section */
	};
	rootObject = D30B88F222BF6B51001C2895 /* Project object */;
}
